
Microsoft Visual Studio Solution File, Format Version 12.00
# Visual Studio Version 17
VisualStudioVersion = 17.6.33801.468
MinimumVisualStudioVersion = 10.0.40219.1
Project("{FAE04EC0-301F-11D3-BF4B-00C04F79EFBC}") = "TheTVDBFileRename", "TheTVDBFileRename\TheTVDBFileRename.csproj", "{DC964F46-7E39-4A14-A02C-7D9319EC763C}"
EndProject
Project("{54435603-DBB4-11D2-8724-00A0C9A8B90C}") = "TheTVDBFileRename-Setup", "TheTVDBFileRename-Setup\TheTVDBFileRename-Setup.vdproj", "{229CD3DB-E32F-4FDF-9C26-E13A4665EA26}"
EndProject
Project("{FAE04EC0-301F-11D3-BF4B-00C04F79EFBC}") = "TheTVDBFileRename.Test", "TheTVDBFileRename.Test\TheTVDBFileRename.Test.csproj", "{3637BE73-7676-4F96-8D42-DAA880682A46}"
EndProject
Project("{FAE04EC0-301F-11D3-BF4B-00C04F79EFBC}") = "TheTVDBFileRename.Shared", "TheTVDBFileRename.Shared\TheTVDBFileRename.Shared.csproj", "{97887010-4146-4CE3-9E70-0FC55F9200A2}"
EndProject
Global
	GlobalSection(SolutionConfigurationPlatforms) = preSolution
		Debug|Any CPU = Debug|Any CPU
		Release|Any CPU = Release|Any CPU
	EndGlobalSection
	GlobalSection(ProjectConfigurationPlatforms) = postSolution
		{DC964F46-7E39-4A14-A02C-7D9319EC763C}.Debug|Any CPU.ActiveCfg = Debug|Any CPU
		{DC964F46-7E39-4A14-A02C-7D9319EC763C}.Debug|Any CPU.Build.0 = Debug|Any CPU
		{DC964F46-7E39-4A14-A02C-7D9319EC763C}.Release|Any CPU.ActiveCfg = Release|Any CPU
		{DC964F46-7E39-4A14-A02C-7D9319EC763C}.Release|Any CPU.Build.0 = Release|Any CPU
		{229CD3DB-E32F-4FDF-9C26-E13A4665EA26}.Debug|Any CPU.ActiveCfg = Debug
		{229CD3DB-E32F-4FDF-9C26-E13A4665EA26}.Release|Any CPU.ActiveCfg = Release
		{3637BE73-7676-4F96-8D42-DAA880682A46}.Debug|Any CPU.ActiveCfg = Debug|Any CPU
		{3637BE73-7676-4F96-8D42-DAA880682A46}.Debug|Any CPU.Build.0 = Debug|Any CPU
		{3637BE73-7676-4F96-8D42-DAA880682A46}.Release|Any CPU.ActiveCfg = Release|Any CPU
		{3637BE73-7676-4F96-8D42-DAA880682A46}.Release|Any CPU.Build.0 = Release|Any CPU
		{97887010-4146-4CE3-9E70-0FC55F9200A2}.Debug|Any CPU.ActiveCfg = Debug|Any CPU
		{97887010-4146-4CE3-9E70-0FC55F9200A2}.Debug|Any CPU.Build.0 = Debug|Any CPU
		{97887010-4146-4CE3-9E70-0FC55F9200A2}.Release|Any CPU.ActiveCfg = Release|Any CPU
		{97887010-4146-4CE3-9E70-0FC55F9200A2}.Release|Any CPU.Build.0 = Release|Any CPU
	EndGlobalSection
	GlobalSection(SolutionProperties) = preSolution
		HideSolutionNode = FALSE
	EndGlobalSection
	GlobalSection(ExtensibilityGlobals) = postSolution
		SolutionGuid = {2836C37F-864A-49DD-9E49-DE9EA13F0C0B}
	EndGlobalSection
EndGlobal
